
Microsoft Visual Studio Solution File, Format Version 12.00
# Visual Studio 14
VisualStudioVersion = 14.0.25420.1
MinimumVisualStudioVersion = 10.0.40219.1
Project("{FAE04EC0-301F-11D3-BF4B-00C04F79EFBC}") = "COMP123-S2017-LESSON8B-PRACTICE", "COMP123-S2017-LESSON8B-PRACTICE\COMP123-S2017-LESSON8B-PRACTICE.csproj", "{5FA13836-109B-4F22-B060-35CAF7D5D261}"
EndProject
Project("{FAE04EC0-301F-11D3-BF4B-00C04F79EFBC}") = "Assgn-04-AbstractPlanets-Practice", "Assgn-04-AbstractPlanets-Practice\Assgn-04-AbstractPlanets-Practice.csproj", "{20E34EC4-B60E-4285-8315-5F012960DF54}"
EndProject
Global
	GlobalSection(SolutionConfigurationPlatforms) = preSolution
		Debug|Any CPU = Debug|Any CPU
		Release|Any CPU = Release|Any CPU
	EndGlobalSection
	GlobalSection(ProjectConfigurationPlatforms) = postSolution
		{5FA13836-109B-4F22-B060-35CAF7D5D261}.Debug|Any CPU.ActiveCfg = Debug|Any CPU
		{5FA13836-109B-4F22-B060-35CAF7D5D261}.Debug|Any CPU.Build.0 = Debug|Any CPU
		{5FA13836-109B-4F22-B060-35CAF7D5D261}.Release|Any CPU.ActiveCfg = Release|Any CPU
		{5FA13836-109B-4F22-B060-35CAF7D5D261}.Release|Any CPU.Build.0 = Release|Any CPU
		{20E34EC4-B60E-4285-8315-5F012960DF54}.Debug|Any CPU.ActiveCfg = Debug|Any CPU
		{20E34EC4-B60E-4285-8315-5F012960DF54}.Debug|Any CPU.Build.0 = Debug|Any CPU
		{20E34EC4-B60E-4285-8315-5F012960DF54}.Release|Any CPU.ActiveCfg = Release|Any CPU
		{20E34EC4-B60E-4285-8315-5F012960DF54}.Release|Any CPU.Build.0 = Release|Any CPU
	EndGlobalSection
	GlobalSection(SolutionProperties) = preSolution
		HideSolutionNode = FALSE
	EndGlobalSection
EndGlobal
